// !$*UTF8*$!
{
	archiveVersion = 1;
	classes = {
	};
	objectVersion = 50;
	objects = {

/* Begin PBXBuildFile section */
		1813AD3E239FD2E3002E02EF /* TreasureNode.swift in Sources */ = {isa = PBXBuildFile; fileRef = 1813AD3D239FD2E3002E02EF /* TreasureNode.swift */; };
		1813AD42239FDBF6002E02EF /* Textures.atlas in Resources */ = {isa = PBXBuildFile; fileRef = 1813AD41239FDBF6002E02EF /* Textures.atlas */; };
		1821EDE0238FEC3E00255E3A /* AppDelegate.swift in Sources */ = {isa = PBXBuildFile; fileRef = 1821EDDF238FEC3E00255E3A /* AppDelegate.swift */; };
		1821EDEB238FEC3E00255E3A /* Main.storyboard in Resources */ = {isa = PBXBuildFile; fileRef = 1821EDE9238FEC3E00255E3A /* Main.storyboard */; };
		1821EDED238FEC4A00255E3A /* Assets.xcassets in Resources */ = {isa = PBXBuildFile; fileRef = 1821EDEC238FEC4A00255E3A /* Assets.xcassets */; };
		1821EDF0238FEC4A00255E3A /* LaunchScreen.storyboard in Resources */ = {isa = PBXBuildFile; fileRef = 1821EDEE238FEC4A00255E3A /* LaunchScreen.storyboard */; };
		1821EDFA23900B8900255E3A /* mineScene.sks in Resources */ = {isa = PBXBuildFile; fileRef = 1821EDF923900B8900255E3A /* mineScene.sks */; };
		1845C4FB23923F56000373ED /* mineViewController.swift in Sources */ = {isa = PBXBuildFile; fileRef = 1845C4FA23923F56000373ED /* mineViewController.swift */; };
		1845C4FD23924184000373ED /* mineScene.swift in Sources */ = {isa = PBXBuildFile; fileRef = 1845C4FC23924184000373ED /* mineScene.swift */; };
		18B659102393F1DB00611595 /* Treasures.swift in Sources */ = {isa = PBXBuildFile; fileRef = 18B6590F2393F1DB00611595 /* Treasures.swift */; };
		18F1F01A2394B6E70074C39F /* Launch_logo.png in Resources */ = {isa = PBXBuildFile; fileRef = 18F1F0192394B6E70074C39F /* Launch_logo.png */; };
/* End PBXBuildFile section */

/* Begin PBXFileReference section */
		1813AD3D239FD2E3002E02EF /* TreasureNode.swift */ = {isa = PBXFileReference; lastKnownFileType = sourcecode.swift; path = TreasureNode.swift; sourceTree = "<group>"; };
		1813AD41239FDBF6002E02EF /* Textures.atlas */ = {isa = PBXFileReference; lastKnownFileType = folder.skatlas; path = Textures.atlas; sourceTree = "<group>"; };
		1821EDDC238FEC3E00255E3A /* GoldMiner.app */ = {isa = PBXFileReference; explicitFileType = wrapper.application; includeInIndex = 0; path = GoldMiner.app; sourceTree = BUILT_PRODUCTS_DIR; };
		1821EDDF238FEC3E00255E3A /* AppDelegate.swift */ = {isa = PBXFileReference; lastKnownFileType = sourcecode.swift; path = AppDelegate.swift; sourceTree = "<group>"; };
		1821EDEA238FEC3E00255E3A /* Base */ = {isa = PBXFileReference; lastKnownFileType = file.storyboard; name = Base; path = Base.lproj/Main.storyboard; sourceTree = "<group>"; };
		1821EDEC238FEC4A00255E3A /* Assets.xcassets */ = {isa = PBXFileReference; lastKnownFileType = folder.assetcatalog; path = Assets.xcassets; sourceTree = "<group>"; };
		1821EDEF238FEC4A00255E3A /* Base */ = {isa = PBXFileReference; lastKnownFileType = file.storyboard; name = Base; path = Base.lproj/LaunchScreen.storyboard; sourceTree = "<group>"; };
		1821EDF1238FEC4A00255E3A /* Info.plist */ = {isa = PBXFileReference; lastKnownFileType = text.plist.xml; path = Info.plist; sourceTree = "<group>"; };
		1821EDF923900B8900255E3A /* mineScene.sks */ = {isa = PBXFileReference; lastKnownFileType = file.sks; path = mineScene.sks; sourceTree = "<group>"; };
		1845C4FA23923F56000373ED /* mineViewController.swift */ = {isa = PBXFileReference; lastKnownFileType = sourcecode.swift; path = mineViewController.swift; sourceTree = "<group>"; };
		1845C4FC23924184000373ED /* mineScene.swift */ = {isa = PBXFileReference; lastKnownFileType = sourcecode.swift; path = mineScene.swift; sourceTree = "<group>"; };
		18B6590F2393F1DB00611595 /* Treasures.swift */ = {isa = PBXFileReference; lastKnownFileType = sourcecode.swift; path = Treasures.swift; sourceTree = "<group>"; };
		18F1F0192394B6E70074C39F /* Launch_logo.png */ = {isa = PBXFileReference; lastKnownFileType = image.png; path = Launch_logo.png; sourceTree = "<group>"; };
/* End PBXFileReference section */

/* Begin PBXFrameworksBuildPhase section */
		1821EDD9238FEC3E00255E3A /* Frameworks */ = {
			isa = PBXFrameworksBuildPhase;
			buildActionMask = 2147483647;
			files = (
			);
			runOnlyForDeploymentPostprocessing = 0;
		};
/* End PBXFrameworksBuildPhase section */

/* Begin PBXGroup section */
		1821EDD3238FEC3D00255E3A = {
			isa = PBXGroup;
			children = (
				1821EDDE238FEC3E00255E3A /* GoldMiner */,
				1821EDDD238FEC3E00255E3A /* Products */,
			);
			sourceTree = "<group>";
		};
		1821EDDD238FEC3E00255E3A /* Products */ = {
			isa = PBXGroup;
			children = (
				1821EDDC238FEC3E00255E3A /* GoldMiner.app */,
			);
			name = Products;
			sourceTree = "<group>";
		};
		1821EDDE238FEC3E00255E3A /* GoldMiner */ = {
			isa = PBXGroup;
			children = (
				1821EDDF238FEC3E00255E3A /* AppDelegate.swift */,
				1845C4FA23923F56000373ED /* mineViewController.swift */,
				1845C4FC23924184000373ED /* mineScene.swift */,
				18B6590F2393F1DB00611595 /* Treasures.swift */,
				1813AD3D239FD2E3002E02EF /* TreasureNode.swift */,
				1821EDF923900B8900255E3A /* mineScene.sks */,
				1821EDE9238FEC3E00255E3A /* Main.storyboard */,
				1821EDEC238FEC4A00255E3A /* Assets.xcassets */,
				1813AD41239FDBF6002E02EF /* Textures.atlas */,
				1821EDEE238FEC4A00255E3A /* LaunchScreen.storyboard */,
				18F1F0192394B6E70074C39F /* Launch_logo.png */,
				1821EDF1238FEC4A00255E3A /* Info.plist */,
			);
			path = GoldMiner;
			sourceTree = "<group>";
		};
/* End PBXGroup section */

/* Begin PBXNativeTarget section */
		1821EDDB238FEC3E00255E3A /* GoldMiner */ = {
			isa = PBXNativeTarget;
			buildConfigurationList = 1821EDF4238FEC4A00255E3A /* Build configuration list for PBXNativeTarget "GoldMiner" */;
			buildPhases = (
				1821EDD8238FEC3E00255E3A /* Sources */,
				1821EDD9238FEC3E00255E3A /* Frameworks */,
				1821EDDA238FEC3E00255E3A /* Resources */,
			);
			buildRules = (
			);
			dependencies = (
			);
			name = GoldMiner;
			productName = GoldMiner;
			productReference = 1821EDDC238FEC3E00255E3A /* GoldMiner.app */;
			productType = "com.apple.product-type.application";
		};
/* End PBXNativeTarget section */

/* Begin PBXProject section */
		1821EDD4238FEC3D00255E3A /* Project object */ = {
			isa = PBXProject;
			attributes = {
				LastSwiftUpdateCheck = 1110;
				LastUpgradeCheck = 1110;
				ORGANIZATIONNAME = Notteaquail;
				TargetAttributes = {
					1821EDDB238FEC3E00255E3A = {
						CreatedOnToolsVersion = 11.1;
					};
				};
			};
			buildConfigurationList = 1821EDD7238FEC3D00255E3A /* Build configuration list for PBXProject "GoldMiner" */;
			compatibilityVersion = "Xcode 9.3";
			developmentRegion = en;
			hasScannedForEncodings = 0;
			knownRegions = (
				en,
				Base,
			);
			mainGroup = 1821EDD3238FEC3D00255E3A;
			productRefGroup = 1821EDDD238FEC3E00255E3A /* Products */;
			projectDirPath = "";
			projectRoot = "";
			targets = (
				1821EDDB238FEC3E00255E3A /* GoldMiner */,
			);
		};
/* End PBXProject section */

/* Begin PBXResourcesBuildPhase section */
		1821EDDA238FEC3E00255E3A /* Resources */ = {
			isa = PBXResourcesBuildPhase;
			buildActionMask = 2147483647;
			files = (
				1821EDEB238FEC3E00255E3A /* Main.storyboard in Resources */,
				1813AD42239FDBF6002E02EF /* Textures.atlas in Resources */,
				1821EDED238FEC4A00255E3A /* Assets.xcassets in Resources */,
				18F1F01A2394B6E70074C39F /* Launch_logo.png in Resources */,
				1821EDF0238FEC4A00255E3A /* LaunchScreen.storyboard in Resources */,
				1821EDFA23900B8900255E3A /* mineScene.sks in Resources */,
			);
			runOnlyForDeploymentPostprocessing = 0;
		};
/* End PBXResourcesBuildPhase section */

/* Begin PBXSourcesBuildPhase section */
		1821EDD8238FEC3E00255E3A /* Sources */ = {
			isa = PBXSourcesBuildPhase;
			buildActionMask = 2147483647;
			files = (
				1813AD3E239FD2E3002E02EF /* TreasureNode.swift in Sources */,
				18B659102393F1DB00611595 /* Treasures.swift in Sources */,
				1845C4FD23924184000373ED /* mineScene.swift in Sources */,
				1821EDE0238FEC3E00255E3A /* AppDelegate.swift in Sources */,
				1845C4FB23923F56000373ED /* mineViewController.swift in Sources */,
			);
			runOnlyForDeploymentPostprocessing = 0;
		};
/* End PBXSourcesBuildPhase section */

/* Begin PBXVariantGroup section */
		1821EDE9238FEC3E00255E3A /* Main.storyboard */ = {
			isa = PBXVariantGroup;
			children = (
				1821EDEA238FEC3E00255E3A /* Base */,
			);
			name = Main.storyboard;
			sourceTree = "<group>";
		};
		1821EDEE238FEC4A00255E3A /* LaunchScreen.storyboard */ = {
			isa = PBXVariantGroup;
			children = (
				1821EDEF238FEC4A00255E3A /* Base */,
			);
			name = LaunchScreen.storyboard;
			sourceTree = "<group>";
		};
/* End PBXVariantGroup section */

/* Begin XCBuildConfiguration section */
		1821EDF2238FEC4A00255E3A /* Debug */ = {
			isa = XCBuildConfiguration;
			buildSettings = {
				ALWAYS_SEARCH_USER_PATHS = NO;
				CLANG_ANALYZER_NONNULL = YES;
				CLANG_ANALYZER_NUMBER_OBJECT_CONVERSION = YES_AGGRESSIVE;
				CLANG_CXX_LANGUAGE_STANDARD = "gnu++14";
				CLANG_CXX_LIBRARY = "libc++";
				CLANG_ENABLE_MODULES = YES;
				CLANG_ENABLE_OBJC_ARC = YES;
				CLANG_ENABLE_OBJC_WEAK = YES;
				CLANG_WARN_BLOCK_CAPTURE_AUTORELEASING = YES;
				CLANG_WARN_BOOL_CONVERSION = YES;
				CLANG_WARN_COMMA = YES;
				CLANG_WARN_CONSTANT_CONVERSION = YES;
				CLANG_WARN_DEPRECATED_OBJC_IMPLEMENTATIONS = YES;
				CLANG_WARN_DIRECT_OBJC_ISA_USAGE = YES_ERROR;
				CLANG_WARN_DOCUMENTATION_COMMENTS = YES;
				CLANG_WARN_EMPTY_BODY = YES;
				CLANG_WARN_ENUM_CONVERSION = YES;
				CLANG_WARN_INFINITE_RECURSION = YES;
				CLANG_WARN_INT_CONVERSION = YES;
				CLANG_WARN_NON_LITERAL_NULL_CONVERSION = YES;
				CLANG_WARN_OBJC_IMPLICIT_RETAIN_SELF = YES;
				CLANG_WARN_OBJC_LITERAL_CONVERSION = YES;
				CLANG_WARN_OBJC_ROOT_CLASS = YES_ERROR;
				CLANG_WARN_RANGE_LOOP_ANALYSIS = YES;
				CLANG_WARN_STRICT_PROTOTYPES = YES;
				CLANG_WARN_SUSPICIOUS_MOVE = YES;
				CLANG_WARN_UNGUARDED_AVAILABILITY = YES_AGGRESSIVE;
				CLANG_WARN_UNREACHABLE_CODE = YES;
				CLANG_WARN__DUPLICATE_METHOD_MATCH = YES;
				COPY_PHASE_STRIP = NO;
				DEBUG_INFORMATION_FORMAT = dwarf;
				ENABLE_STRICT_OBJC_MSGSEND = YES;
				ENABLE_TESTABILITY = YES;
				GCC_C_LANGUAGE_STANDARD = gnu11;
				GCC_DYNAMIC_NO_PIC = NO;
				GCC_NO_COMMON_BLOCKS = YES;
				GCC_OPTIMIZATION_LEVEL = 0;
				GCC_PREPROCESSOR_DEFINITIONS = (
					"DEBUG=1",
					"$(inherited)",
				);
				GCC_WARN_64_TO_32_BIT_CONVERSION = YES;
				GCC_WARN_ABOUT_RETURN_TYPE = YES_ERROR;
				GCC_WARN_UNDECLARED_SELECTOR = YES;
				GCC_WARN_UNINITIALIZED_AUTOS = YES_AGGRESSIVE;
				GCC_WARN_UNUSED_FUNCTION = YES;
				GCC_WARN_UNUSED_VARIABLE = YES;
				IPHONEOS_DEPLOYMENT_TARGET = 13.1;
				MTL_ENABLE_DEBUG_INFO = INCLUDE_SOURCE;
				MTL_FAST_MATH = YES;
				ONLY_ACTIVE_ARCH = YES;
				SDKROOT = iphoneos;
				SWIFT_ACTIVE_COMPILATION_CONDITIONS = DEBUG;
				SWIFT_OPTIMIZATION_LEVEL = "-Onone";
			};
			name = Debug;
		};
		1821EDF3238FEC4A00255E3A /* Release */ = {
			isa = XCBuildConfiguration;
			buildSettings = {
				ALWAYS_SEARCH_USER_PATHS = NO;
				CLANG_ANALYZER_NONNULL = YES;
				CLANG_ANALYZER_NUMBER_OBJECT_CONVERSION = YES_AGGRESSIVE;
				CLANG_CXX_LANGUAGE_STANDARD = "gnu++14";
				CLANG_CXX_LIBRARY = "libc++";
				CLANG_ENABLE_MODULES = YES;
				CLANG_ENABLE_OBJC_ARC = YES;
				CLANG_ENABLE_OBJC_WEAK = YES;
				CLANG_WARN_BLOCK_CAPTURE_AUTORELEASING = YES;
				CLANG_WARN_BOOL_CONVERSION = YES;
				CLANG_WARN_COMMA = YES;
				CLANG_WARN_CONSTANT_CONVERSION = YES;
				CLANG_WARN_DEPRECATED_OBJC_IMPLEMENTATIONS = YES;
				CLANG_WARN_DIRECT_OBJC_ISA_USAGE = YES_ERROR;
				CLANG_WARN_DOCUMENTATION_COMMENTS = YES;
				CLANG_WARN_EMPTY_BODY = YES;
				CLANG_WARN_ENUM_CONVERSION = YES;
				CLANG_WARN_INFINITE_RECURSION = YES;
				CLANG_WARN_INT_CONVERSION = YES;
				CLANG_WARN_NON_LITERAL_NULL_CONVERSION = YES;
				CLANG_WARN_OBJC_IMPLICIT_RETAIN_SELF = YES;
				CLANG_WARN_OBJC_LITERAL_CONVERSION = YES;
				CLANG_WARN_OBJC_ROOT_CLASS = YES_ERROR;
				CLANG_WARN_RANGE_LOOP_ANALYSIS = YES;
				CLANG_WARN_STRICT_PROTOTYPES = YES;
				CLANG_WARN_SUSPICIOUS_MOVE = YES;
				CLANG_WARN_UNGUARDED_AVAILABILITY = YES_AGGRESSIVE;
				CLANG_WARN_UNREACHABLE_CODE = YES;
				CLANG_WARN__DUPLICATE_METHOD_MATCH = YES;
				COPY_PHASE_STRIP = NO;
				DEBUG_INFORMATION_FORMAT = "dwarf-with-dsym";
				ENABLE_NS_ASSERTIONS = NO;
				ENABLE_STRICT_OBJC_MSGSEND = YES;
				GCC_C_LANGUAGE_STANDARD = gnu11;
				GCC_NO_COMMON_BLOCKS = YES;
				GCC_WARN_64_TO_32_BIT_CONVERSION = YES;
				GCC_WARN_ABOUT_RETURN_TYPE = YES_ERROR;
				GCC_WARN_UNDECLARED_SELECTOR = YES;
				GCC_WARN_UNINITIALIZED_AUTOS = YES_AGGRESSIVE;
				GCC_WARN_UNUSED_FUNCTION = YES;
				GCC_WARN_UNUSED_VARIABLE = YES;
				IPHONEOS_DEPLOYMENT_TARGET = 13.1;
				MTL_ENABLE_DEBUG_INFO = NO;
				MTL_FAST_MATH = YES;
				SDKROOT = iphoneos;
				SWIFT_COMPILATION_MODE = wholemodule;
				SWIFT_OPTIMIZATION_LEVEL = "-O";
				VALIDATE_PRODUCT = YES;
			};
			name = Release;
		};
		1821EDF5238FEC4A00255E3A /* Debug */ = {
			isa = XCBuildConfiguration;
			buildSettings = {
				ASSETCATALOG_COMPILER_APPICON_NAME = AppIcon;
				CODE_SIGN_STYLE = Automatic;
				DEVELOPMENT_TEAM = LLDUVAV9ZF;
				"Enable Warnings" = Yes;
				INFOPLIST_FILE = GoldMiner/Info.plist;
				IPHONEOS_DEPLOYMENT_TARGET = 12.4;
				LD_RUNPATH_SEARCH_PATHS = (
					"$(inherited)",
					"@executable_path/Frameworks",
				);
				PRODUCT_BUNDLE_IDENTIFIER = notteaquail.cjw.GoldMiner;
				PRODUCT_NAME = "$(TARGET_NAME)";
				SWIFT_VERSION = 5.0;
				TARGETED_DEVICE_FAMILY = "1,2";
			};
			name = Debug;
		};
		1821EDF6238FEC4A00255E3A /* Release */ = {
			isa = XCBuildConfiguration;
			buildSettings = {
				ASSETCATALOG_COMPILER_APPICON_NAME = AppIcon;
				CODE_SIGN_STYLE = Automatic;
				DEVELOPMENT_TEAM = LLDUVAV9ZF;
				"Enable Warnings" = Yes;
				INFOPLIST_FILE = GoldMiner/Info.plist;
				IPHONEOS_DEPLOYMENT_TARGET = 12.4;
				LD_RUNPATH_SEARCH_PATHS = (
					"$(inherited)",
					"@executable_path/Frameworks",
				);
				PRODUCT_BUNDLE_IDENTIFIER = notteaquail.cjw.GoldMiner;
				PRODUCT_NAME = "$(TARGET_NAME)";
				SWIFT_VERSION = 5.0;
				TARGETED_DEVICE_FAMILY = "1,2";
			};
			name = Release;
		};
/* End XCBuildConfiguration section */

/* Begin XCConfigurationList section */
		1821EDD7238FEC3D00255E3A /* Build configuration list for PBXProject "GoldMiner" */ = {
			isa = XCConfigurationList;
			buildConfigurations = (
				1821EDF2238FEC4A00255E3A /* Debug */,
				1821EDF3238FEC4A00255E3A /* Release */,
			);
			defaultConfigurationIsVisible = 0;
			defaultConfigurationName = Release;
		};
		1821EDF4238FEC4A00255E3A /* Build configuration list for PBXNativeTarget "GoldMiner" */ = {
			isa = XCConfigurationList;
			buildConfigurations = (
				1821EDF5238FEC4A00255E3A /* Debug */,
				1821EDF6238FEC4A00255E3A /* Release */,
			);
			defaultConfigurationIsVisible = 0;
			defaultConfigurationName = Release;
		};
/* End XCConfigurationList section */
	};
	rootObject = 1821EDD4238FEC3D00255E3A /* Project object */;
}
